# This file is automatically @generated by Poetry 1.8.3 and should not be changed by hand.

[[package]]
name = "asgiref"
version = "3.8.1"
description = "ASGI specs, helper code, and adapters"
optional = false
python-versions = ">=3.8"
files = [
    {file = "asgiref-3.8.1-py3-none-any.whl", hash = "sha256:3e1e3ecc849832fe52ccf2cb6686b7a55f82bb1d6aee72a58826471390335e47"},
    {file = "asgiref-3.8.1.tar.gz", hash = "sha256:c343bd80a0bec947a9860adb4c432ffa7db769836c64238fc34bdc3fec84d590"},
]

[package.extras]
tests = ["mypy (>=0.800)", "pytest", "pytest-asyncio"]

[[package]]
name = "django"
version = "5.1.4"
description = "A high-level Python web framework that encourages rapid development and clean, pragmatic design."
optional = false
python-versions = ">=3.10"
files = [
    {file = "Django-5.1.4-py3-none-any.whl", hash = "sha256:236e023f021f5ce7dee5779de7b286565fdea5f4ab86bae5338e3f7b69896cf0"},
    {file = "Django-5.1.4.tar.gz", hash = "sha256:de450c09e91879fa5a307f696e57c851955c910a438a35e6b4c895e86bedc82a"},
]

[package.dependencies]
asgiref = ">=3.8.1,<4"
sqlparse = ">=0.3.1"
tzdata = {version = "*", markers = "sys_platform == \"win32\""}

[package.extras]
argon2 = ["argon2-cffi (>=19.1.0)"]
bcrypt = ["bcrypt"]

[[package]]
name = "markdown-it-py"
version = "3.0.0"
description = "Python port of markdown-it. Markdown parsing, done right!"
optional = false
python-versions = ">=3.8"
files = [
    {file = "markdown-it-py-3.0.0.tar.gz", hash = "sha256:e3f60a94fa066dc52ec76661e37c851cb232d92f9886b15cb560aaada2df8feb"},
    {file = "markdown_it_py-3.0.0-py3-none-any.whl", hash = "sha256:355216845c60bd96232cd8d8c40e8f9765cc86f46880e43a8fd22dc1a1a8cab1"},
]

[package.dependencies]
mdurl = ">=0.1,<1.0"

[package.extras]
benchmarking = ["psutil", "pytest", "pytest-benchmark"]
code-style = ["pre-commit (>=3.0,<4.0)"]
compare = ["commonmark (>=0.9,<1.0)", "markdown (>=3.4,<4.0)", "mistletoe (>=1.0,<2.0)", "mistune (>=2.0,<3.0)", "panflute (>=2.3,<3.0)"]
linkify = ["linkify-it-py (>=1,<3)"]
plugins = ["mdit-py-plugins"]
profiling = ["gprof2dot"]
rtd = ["jupyter_sphinx", "mdit-py-plugins", "myst-parser", "pyyaml", "sphinx", "sphinx-copybutton", "sphinx-design", "sphinx_book_theme"]
testing = ["coverage", "pytest", "pytest-cov", "pytest-regressions"]

[[package]]
name = "mdurl"
version = "0.1.2"
description = "Markdown URL utilities"
optional = false
python-versions = ">=3.7"
files = [
    {file = "mdurl-0.1.2-py3-none-any.whl", hash = "sha256:84008a41e51615a49fc9966191ff91509e3c40b939176e643fd50a5c2196b8f8"},
    {file = "mdurl-0.1.2.tar.gz", hash = "sha256:bb413d29f5eea38f31dd4754dd7377d4465116fb207585f97bf925588687c1ba"},
]

[[package]]
name = "nh3"
version = "0.2.19"
description = "Python bindings to the ammonia HTML sanitization library."
optional = false
python-versions = "*"
files = [
    {file = "nh3-0.2.19-cp313-cp313t-macosx_10_12_x86_64.macosx_11_0_arm64.macosx_10_12_universal2.whl", hash = "sha256:ec9c8bf86e397cb88c560361f60fdce478b5edb8b93f04ead419b72fbe937ea6"},
    {file = "nh3-0.2.19-cp313-cp313t-manylinux_2_17_x86_64.manylinux2014_x86_64.whl", hash = "sha256:d0adf00e2b2026fa10a42537b60d161e516f206781c7515e4e97e09f72a8c5d0"},
    {file = "nh3-0.2.19-cp313-cp313t-manylinux_2_5_i686.manylinux1_i686.whl", hash = "sha256:3805161c4e12088bd74752ba69630e915bc30fe666034f47217a2f16b16efc37"},
    {file = "nh3-0.2.19-cp313-cp313t-musllinux_1_2_aarch64.whl", hash = "sha256:e3dedd7858a21312f7675841529941035a2ac91057db13402c8fe907aa19205a"},
    {file = "nh3-0.2.19-cp313-cp313t-musllinux_1_2_armv7l.whl", hash = "sha256:0b6820fc64f2ff7ef3e7253a093c946a87865c877b3889149a6d21d322ed8dbd"},
    {file = "nh3-0.2.19-cp313-cp313t-musllinux_1_2_i686.whl", hash = "sha256:833b3b5f1783ce95834a13030300cea00cbdfd64ea29260d01af9c4821da0aa9"},
    {file = "nh3-0.2.19-cp313-cp313t-musllinux_1_2_x86_64.whl", hash = "sha256:5d4f5e2189861b352b73acb803b5f4bb409c2f36275d22717e27d4e0c217ae55"},
    {file = "nh3-0.2.19-cp313-cp313t-win32.whl", hash = "sha256:2b926f179eb4bce72b651bfdf76f8aa05d167b2b72bc2f3657fd319f40232adc"},
    {file = "nh3-0.2.19-cp313-cp313t-win_amd64.whl", hash = "sha256:ac536a4b5c073fdadd8f5f4889adabe1cbdae55305366fb870723c96ca7f49c3"},
    {file = "nh3-0.2.19-cp38-abi3-macosx_10_12_x86_64.macosx_11_0_arm64.macosx_10_12_universal2.whl", hash = "sha256:c2e3f0d18cc101132fe10ab7ef5c4f41411297e639e23b64b5e888ccaad63f41"},
    {file = "nh3-0.2.19-cp38-abi3-manylinux_2_17_aarch64.manylinux2014_aarch64.whl", hash = "sha256:11270b16c1b012677e3e2dd166c1aa273388776bf99a3e3677179db5097ee16a"},
    {file = "nh3-0.2.19-cp38-abi3-manylinux_2_17_armv7l.manylinux2014_armv7l.whl", hash = "sha256:fc483dd8d20f8f8c010783a25a84db3bebeadced92d24d34b40d687f8043ac69"},
    {file = "nh3-0.2.19-cp38-abi3-manylinux_2_17_ppc64.manylinux2014_ppc64.whl", hash = "sha256:d53a4577b6123ca1d7e8483fad3e13cb7eda28913d516bd0a648c1a473aa21a9"},
    {file = "nh3-0.2.19-cp38-abi3-manylinux_2_17_ppc64le.manylinux2014_ppc64le.whl", hash = "sha256:fdb20740d24ab9f2a1341458a00a11205294e97e905de060eeab1ceca020c09c"},
    {file = "nh3-0.2.19-cp38-abi3-manylinux_2_17_s390x.manylinux2014_s390x.whl", hash = "sha256:d8325d51e47cb5b11f649d55e626d56c76041ba508cd59e0cb1cf687cc7612f1"},
    {file = "nh3-0.2.19-cp38-abi3-manylinux_2_17_x86_64.manylinux2014_x86_64.whl", hash = "sha256:b8eb7affc590e542fa7981ef508cd1644f62176bcd10d4429890fc629b47f0bc"},
    {file = "nh3-0.2.19-cp38-abi3-manylinux_2_5_i686.manylinux1_i686.whl", hash = "sha256:2eb021804e9df1761abeb844bb86648d77aa118a663c82f50ea04110d87ed707"},
    {file = "nh3-0.2.19-cp38-abi3-musllinux_1_2_aarch64.whl", hash = "sha256:a7b928862daddb29805a1010a0282f77f4b8b238a37b5f76bc6c0d16d930fd22"},
    {file = "nh3-0.2.19-cp38-abi3-musllinux_1_2_armv7l.whl", hash = "sha256:ed06ed78f6b69d57463b46a04f68f270605301e69d80756a8adf7519002de57d"},
    {file = "nh3-0.2.19-cp38-abi3-musllinux_1_2_i686.whl", hash = "sha256:df8eac98fec80bd6f5fd0ae27a65de14f1e1a65a76d8e2237eb695f9cd1121d9"},
    {file = "nh3-0.2.19-cp38-abi3-musllinux_1_2_x86_64.whl", hash = "sha256:00810cd5275f5c3f44b9eb0e521d1a841ee2f8023622de39ffc7d88bd533d8e0"},
    {file = "nh3-0.2.19-cp38-abi3-win32.whl", hash = "sha256:7e98621856b0a911c21faa5eef8f8ea3e691526c2433f9afc2be713cb6fbdb48"},
    {file = "nh3-0.2.19-cp38-abi3-win_amd64.whl", hash = "sha256:75c7cafb840f24430b009f7368945cb5ca88b2b54bb384ebfba495f16bc9c121"},
    {file = "nh3-0.2.19.tar.gz", hash = "sha256:790056b54c068ff8dceb443eaefb696b84beff58cca6c07afd754d17692a4804"},
]

[[package]]
name = "ruff"
version = "0.8.1"
description = "An extremely fast Python linter and code formatter, written in Rust."
optional = false
python-versions = ">=3.7"
files = [
    {file = "ruff-0.8.1-py3-none-linux_armv6l.whl", hash = "sha256:fae0805bd514066f20309f6742f6ee7904a773eb9e6c17c45d6b1600ca65c9b5"},
    {file = "ruff-0.8.1-py3-none-macosx_10_12_x86_64.whl", hash = "sha256:b8a4f7385c2285c30f34b200ca5511fcc865f17578383db154e098150ce0a087"},
    {file = "ruff-0.8.1-py3-none-macosx_11_0_arm64.whl", hash = "sha256:cd054486da0c53e41e0086e1730eb77d1f698154f910e0cd9e0d64274979a209"},
    {file = "ruff-0.8.1-py3-none-manylinux_2_17_aarch64.manylinux2014_aarch64.whl", hash = "sha256:2029b8c22da147c50ae577e621a5bfbc5d1fed75d86af53643d7a7aee1d23871"},
    {file = "ruff-0.8.1-py3-none-manylinux_2_17_armv7l.manylinux2014_armv7l.whl", hash = "sha256:2666520828dee7dfc7e47ee4ea0d928f40de72056d929a7c5292d95071d881d1"},
    {file = "ruff-0.8.1-py3-none-manylinux_2_17_i686.manylinux2014_i686.whl", hash = "sha256:333c57013ef8c97a53892aa56042831c372e0bb1785ab7026187b7abd0135ad5"},
    {file = "ruff-0.8.1-py3-none-manylinux_2_17_ppc64.manylinux2014_ppc64.whl", hash = "sha256:288326162804f34088ac007139488dcb43de590a5ccfec3166396530b58fb89d"},
    {file = "ruff-0.8.1-py3-none-manylinux_2_17_ppc64le.manylinux2014_ppc64le.whl", hash = "sha256:b12c39b9448632284561cbf4191aa1b005882acbc81900ffa9f9f471c8ff7e26"},
    {file = "ruff-0.8.1-py3-none-manylinux_2_17_s390x.manylinux2014_s390x.whl", hash = "sha256:364e6674450cbac8e998f7b30639040c99d81dfb5bbc6dfad69bc7a8f916b3d1"},
    {file = "ruff-0.8.1-py3-none-manylinux_2_17_x86_64.manylinux2014_x86_64.whl", hash = "sha256:b22346f845fec132aa39cd29acb94451d030c10874408dbf776af3aaeb53284c"},
    {file = "ruff-0.8.1-py3-none-musllinux_1_2_aarch64.whl", hash = "sha256:b2f2f7a7e7648a2bfe6ead4e0a16745db956da0e3a231ad443d2a66a105c04fa"},
    {file = "ruff-0.8.1-py3-none-musllinux_1_2_armv7l.whl", hash = "sha256:adf314fc458374c25c5c4a4a9270c3e8a6a807b1bec018cfa2813d6546215540"},
    {file = "ruff-0.8.1-py3-none-musllinux_1_2_i686.whl", hash = "sha256:a885d68342a231b5ba4d30b8c6e1b1ee3a65cf37e3d29b3c74069cdf1ee1e3c9"},
    {file = "ruff-0.8.1-py3-none-musllinux_1_2_x86_64.whl", hash = "sha256:d2c16e3508c8cc73e96aa5127d0df8913d2290098f776416a4b157657bee44c5"},
    {file = "ruff-0.8.1-py3-none-win32.whl", hash = "sha256:93335cd7c0eaedb44882d75a7acb7df4b77cd7cd0d2255c93b28791716e81790"},
    {file = "ruff-0.8.1-py3-none-win_amd64.whl", hash = "sha256:2954cdbe8dfd8ab359d4a30cd971b589d335a44d444b6ca2cb3d1da21b75e4b6"},
    {file = "ruff-0.8.1-py3-none-win_arm64.whl", hash = "sha256:55873cc1a473e5ac129d15eccb3c008c096b94809d693fc7053f588b67822737"},
    {file = "ruff-0.8.1.tar.gz", hash = "sha256:3583db9a6450364ed5ca3f3b4225958b24f78178908d5c4bc0f46251ccca898f"},
]

[[package]]
name = "sqlparse"
version = "0.5.1"
description = "A non-validating SQL parser."
optional = false
python-versions = ">=3.8"
files = [
    {file = "sqlparse-0.5.1-py3-none-any.whl", hash = "sha256:773dcbf9a5ab44a090f3441e2180efe2560220203dc2f8c0b0fa141e18b505e4"},
    {file = "sqlparse-0.5.1.tar.gz", hash = "sha256:bb6b4df465655ef332548e24f08e205afc81b9ab86cb1c45657a7ff173a3a00e"},
]

[package.extras]
dev = ["build", "hatch"]
doc = ["sphinx"]

[[package]]
name = "tzdata"
version = "2024.1"
description = "Provider of IANA time zone data"
optional = false
python-versions = ">=2"
files = [
    {file = "tzdata-2024.1-py2.py3-none-any.whl", hash = "sha256:9068bc196136463f5245e51efda838afa15aaeca9903f49050dfa2679db4d252"},
    {file = "tzdata-2024.1.tar.gz", hash = "sha256:2674120f8d891909751c38abcdfd386ac0a5a1127954fbc332af6b5ceae07efd"},
]

[metadata]
lock-version = "2.0"
python-versions = "^3.12"
content-hash = "3719d269e129ad47976cb227f698bc2edda433a6bbe4ec669390ee64099ba6d1"
