# This file is automatically @generated by Poetry 1.8.5 and should not be changed by hand.

[[package]]
name = "asgiref"
version = "3.8.1"
description = "ASGI specs, helper code, and adapters"
optional = false
python-versions = ">=3.8"
files = [
    {file = "asgiref-3.8.1-py3-none-any.whl", hash = "sha256:3e1e3ecc849832fe52ccf2cb6686b7a55f82bb1d6aee72a58826471390335e47"},
    {file = "asgiref-3.8.1.tar.gz", hash = "sha256:c343bd80a0bec947a9860adb4c432ffa7db769836c64238fc34bdc3fec84d590"},
]

[package.extras]
tests = ["mypy (>=0.800)", "pytest", "pytest-asyncio"]

[[package]]
name = "django"
version = "5.1.4"
description = "A high-level Python web framework that encourages rapid development and clean, pragmatic design."
optional = false
python-versions = ">=3.10"
files = [
    {file = "Django-5.1.4-py3-none-any.whl", hash = "sha256:236e023f021f5ce7dee5779de7b286565fdea5f4ab86bae5338e3f7b69896cf0"},
    {file = "Django-5.1.4.tar.gz", hash = "sha256:de450c09e91879fa5a307f696e57c851955c910a438a35e6b4c895e86bedc82a"},
]

[package.dependencies]
asgiref = ">=3.8.1,<4"
sqlparse = ">=0.3.1"
tzdata = {version = "*", markers = "sys_platform == \"win32\""}

[package.extras]
argon2 = ["argon2-cffi (>=19.1.0)"]
bcrypt = ["bcrypt"]

[[package]]
name = "markdown-it-py"
version = "3.0.0"
description = "Python port of markdown-it. Markdown parsing, done right!"
optional = false
python-versions = ">=3.8"
files = [
    {file = "markdown-it-py-3.0.0.tar.gz", hash = "sha256:e3f60a94fa066dc52ec76661e37c851cb232d92f9886b15cb560aaada2df8feb"},
    {file = "markdown_it_py-3.0.0-py3-none-any.whl", hash = "sha256:355216845c60bd96232cd8d8c40e8f9765cc86f46880e43a8fd22dc1a1a8cab1"},
]

[package.dependencies]
mdurl = ">=0.1,<1.0"

[package.extras]
benchmarking = ["psutil", "pytest", "pytest-benchmark"]
code-style = ["pre-commit (>=3.0,<4.0)"]
compare = ["commonmark (>=0.9,<1.0)", "markdown (>=3.4,<4.0)", "mistletoe (>=1.0,<2.0)", "mistune (>=2.0,<3.0)", "panflute (>=2.3,<3.0)"]
linkify = ["linkify-it-py (>=1,<3)"]
plugins = ["mdit-py-plugins"]
profiling = ["gprof2dot"]
rtd = ["jupyter_sphinx", "mdit-py-plugins", "myst-parser", "pyyaml", "sphinx", "sphinx-copybutton", "sphinx-design", "sphinx_book_theme"]
testing = ["coverage", "pytest", "pytest-cov", "pytest-regressions"]

[[package]]
name = "mdurl"
version = "0.1.2"
description = "Markdown URL utilities"
optional = false
python-versions = ">=3.7"
files = [
    {file = "mdurl-0.1.2-py3-none-any.whl", hash = "sha256:84008a41e51615a49fc9966191ff91509e3c40b939176e643fd50a5c2196b8f8"},
    {file = "mdurl-0.1.2.tar.gz", hash = "sha256:bb413d29f5eea38f31dd4754dd7377d4465116fb207585f97bf925588687c1ba"},
]

[[package]]
name = "nh3"
version = "0.2.20"
description = "Python binding to Ammonia HTML sanitizer Rust crate"
optional = false
python-versions = ">=3.8"
files = [
    {file = "nh3-0.2.20-cp313-cp313t-macosx_10_12_x86_64.macosx_11_0_arm64.macosx_10_12_universal2.whl", hash = "sha256:e1061a4ab6681f6bdf72b110eea0c4e1379d57c9de937db3be4202f7ad6043db"},
    {file = "nh3-0.2.20-cp313-cp313t-manylinux_2_17_x86_64.manylinux2014_x86_64.whl", hash = "sha256:eb4254b1dac4a1ee49919a5b3f1caf9803ea8dada1816d9e8289e63d3cd0dd9a"},
    {file = "nh3-0.2.20-cp313-cp313t-manylinux_2_5_i686.manylinux1_i686.whl", hash = "sha256:0ae9cbd713524cdb81e64663d0d6aae26f678db9f2cd9db0bf162606f1f9f20c"},
    {file = "nh3-0.2.20-cp313-cp313t-musllinux_1_2_aarch64.whl", hash = "sha256:e1f7370b4e14cc03f5ae141ef30a1caf81fa5787711f80be9081418dd9eb79d2"},
    {file = "nh3-0.2.20-cp313-cp313t-musllinux_1_2_armv7l.whl", hash = "sha256:ac4d27dc836a476efffc6eb661994426b8b805c951b29c9cf2ff36bc9ad58bc5"},
    {file = "nh3-0.2.20-cp313-cp313t-musllinux_1_2_i686.whl", hash = "sha256:4fd2e9248725ebcedac3997a8d3da0d90a12a28c9179c6ba51f1658938ac30d0"},
    {file = "nh3-0.2.20-cp313-cp313t-musllinux_1_2_x86_64.whl", hash = "sha256:f7d564871833ddbe54df3aa59053b1110729d3a800cb7628ae8f42adb3d75208"},
    {file = "nh3-0.2.20-cp313-cp313t-win32.whl", hash = "sha256:d2a176fd4306b6f0f178a3f67fac91bd97a3a8d8fafb771c9b9ef675ba5c8886"},
    {file = "nh3-0.2.20-cp313-cp313t-win_amd64.whl", hash = "sha256:6ed834c68452a600f517dd3e1534dbfaff1f67f98899fecf139a055a25d99150"},
    {file = "nh3-0.2.20-cp38-abi3-macosx_10_12_x86_64.macosx_11_0_arm64.macosx_10_12_universal2.whl", hash = "sha256:76e2f603b30c02ff6456b233a83fc377dedab6a50947b04e960a6b905637b776"},
    {file = "nh3-0.2.20-cp38-abi3-manylinux_2_17_aarch64.manylinux2014_aarch64.whl", hash = "sha256:181063c581defe683bd4bb78188ac9936d208aebbc74c7f7c16b6a32ae2ebb38"},
    {file = "nh3-0.2.20-cp38-abi3-manylinux_2_17_armv7l.manylinux2014_armv7l.whl", hash = "sha256:231addb7643c952cd6d71f1c8702d703f8fe34afcb20becb3efb319a501a12d7"},
    {file = "nh3-0.2.20-cp38-abi3-manylinux_2_17_ppc64.manylinux2014_ppc64.whl", hash = "sha256:1b9a8340a0aab991c68a5ca938d35ef4a8a3f4bf1b455da8855a40bee1fa0ace"},
    {file = "nh3-0.2.20-cp38-abi3-manylinux_2_17_ppc64le.manylinux2014_ppc64le.whl", hash = "sha256:10317cd96fe4bbd4eb6b95f3920b71c902157ad44fed103fdcde43e3b8ee8be6"},
    {file = "nh3-0.2.20-cp38-abi3-manylinux_2_17_s390x.manylinux2014_s390x.whl", hash = "sha256:8698db4c04b140800d1a1cd3067fda399e36e1e2b8fc1fe04292a907350a3e9b"},
    {file = "nh3-0.2.20-cp38-abi3-manylinux_2_17_x86_64.manylinux2014_x86_64.whl", hash = "sha256:3eb04b9c3deb13c3a375ea39fd4a3c00d1f92e8fb2349f25f1e3e4506751774b"},
    {file = "nh3-0.2.20-cp38-abi3-manylinux_2_5_i686.manylinux1_i686.whl", hash = "sha256:92f3f1c4f47a2c6f3ca7317b1d5ced05bd29556a75d3a4e2715652ae9d15c05d"},
    {file = "nh3-0.2.20-cp38-abi3-musllinux_1_2_aarch64.whl", hash = "sha256:ddefa9fd6794a87e37d05827d299d4b53a3ec6f23258101907b96029bfef138a"},
    {file = "nh3-0.2.20-cp38-abi3-musllinux_1_2_armv7l.whl", hash = "sha256:ce3731c8f217685d33d9268362e5b4f770914e922bba94d368ab244a59a6c397"},
    {file = "nh3-0.2.20-cp38-abi3-musllinux_1_2_i686.whl", hash = "sha256:09f037c02fc2c43b211ff1523de32801dcfb0918648d8e651c36ef890f1731ec"},
    {file = "nh3-0.2.20-cp38-abi3-musllinux_1_2_x86_64.whl", hash = "sha256:813f1c8012dd64c990514b795508abb90789334f76a561fa0fd4ca32d2275330"},
    {file = "nh3-0.2.20-cp38-abi3-win32.whl", hash = "sha256:47b2946c0e13057855209daeffb45dc910bd0c55daf10190bb0b4b60e2999784"},
    {file = "nh3-0.2.20-cp38-abi3-win_amd64.whl", hash = "sha256:da87573f03084edae8eb87cfe811ec338606288f81d333c07d2a9a0b9b976c0b"},
    {file = "nh3-0.2.20.tar.gz", hash = "sha256:9705c42d7ff88a0bea546c82d7fe5e59135e3d3f057e485394f491248a1f8ed5"},
]

[[package]]
name = "ruff"
version = "0.8.5"
description = "An extremely fast Python linter and code formatter, written in Rust."
optional = false
python-versions = ">=3.7"
files = [
    {file = "ruff-0.8.5-py3-none-linux_armv6l.whl", hash = "sha256:5ad11a5e3868a73ca1fa4727fe7e33735ea78b416313f4368c504dbeb69c0f88"},
    {file = "ruff-0.8.5-py3-none-macosx_10_12_x86_64.whl", hash = "sha256:f69ab37771ea7e0715fead8624ec42996d101269a96e31f4d31be6fc33aa19b7"},
    {file = "ruff-0.8.5-py3-none-macosx_11_0_arm64.whl", hash = "sha256:b5462d7804558ccff9c08fe8cbf6c14b7efe67404316696a2dde48297b1925bb"},
    {file = "ruff-0.8.5-py3-none-manylinux_2_17_aarch64.manylinux2014_aarch64.whl", hash = "sha256:d56de7220a35607f9fe59f8a6d018e14504f7b71d784d980835e20fc0611cd50"},
    {file = "ruff-0.8.5-py3-none-manylinux_2_17_armv7l.manylinux2014_armv7l.whl", hash = "sha256:9d99cf80b0429cbebf31cbbf6f24f05a29706f0437c40413d950e67e2d4faca4"},
    {file = "ruff-0.8.5-py3-none-manylinux_2_17_i686.manylinux2014_i686.whl", hash = "sha256:7b75ac29715ac60d554a049dbb0ef3b55259076181c3369d79466cb130eb5afd"},
    {file = "ruff-0.8.5-py3-none-manylinux_2_17_ppc64.manylinux2014_ppc64.whl", hash = "sha256:c9d526a62c9eda211b38463528768fd0ada25dad524cb33c0e99fcff1c67b5dc"},
    {file = "ruff-0.8.5-py3-none-manylinux_2_17_ppc64le.manylinux2014_ppc64le.whl", hash = "sha256:587c5e95007612c26509f30acc506c874dab4c4abbacd0357400bd1aa799931b"},
    {file = "ruff-0.8.5-py3-none-manylinux_2_17_s390x.manylinux2014_s390x.whl", hash = "sha256:622b82bf3429ff0e346835ec213aec0a04d9730480cbffbb6ad9372014e31bbd"},
    {file = "ruff-0.8.5-py3-none-manylinux_2_17_x86_64.manylinux2014_x86_64.whl", hash = "sha256:f99be814d77a5dac8a8957104bdd8c359e85c86b0ee0e38dca447cb1095f70fb"},
    {file = "ruff-0.8.5-py3-none-musllinux_1_2_aarch64.whl", hash = "sha256:c01c048f9c3385e0fd7822ad0fd519afb282af9cf1778f3580e540629df89725"},
    {file = "ruff-0.8.5-py3-none-musllinux_1_2_armv7l.whl", hash = "sha256:7512e8cb038db7f5db6aae0e24735ff9ea03bb0ed6ae2ce534e9baa23c1dc9ea"},
    {file = "ruff-0.8.5-py3-none-musllinux_1_2_i686.whl", hash = "sha256:762f113232acd5b768d6b875d16aad6b00082add40ec91c927f0673a8ec4ede8"},
    {file = "ruff-0.8.5-py3-none-musllinux_1_2_x86_64.whl", hash = "sha256:03a90200c5dfff49e4c967b405f27fdfa81594cbb7c5ff5609e42d7fe9680da5"},
    {file = "ruff-0.8.5-py3-none-win32.whl", hash = "sha256:8710ffd57bdaa6690cbf6ecff19884b8629ec2a2a2a2f783aa94b1cc795139ed"},
    {file = "ruff-0.8.5-py3-none-win_amd64.whl", hash = "sha256:4020d8bf8d3a32325c77af452a9976a9ad6455773bcb94991cf15bd66b347e47"},
    {file = "ruff-0.8.5-py3-none-win_arm64.whl", hash = "sha256:134ae019ef13e1b060ab7136e7828a6d83ea727ba123381307eb37c6bd5e01cb"},
    {file = "ruff-0.8.5.tar.gz", hash = "sha256:1098d36f69831f7ff2a1da3e6407d5fbd6dfa2559e4f74ff2d260c5588900317"},
]

[[package]]
name = "sqlparse"
version = "0.5.1"
description = "A non-validating SQL parser."
optional = false
python-versions = ">=3.8"
files = [
    {file = "sqlparse-0.5.1-py3-none-any.whl", hash = "sha256:773dcbf9a5ab44a090f3441e2180efe2560220203dc2f8c0b0fa141e18b505e4"},
    {file = "sqlparse-0.5.1.tar.gz", hash = "sha256:bb6b4df465655ef332548e24f08e205afc81b9ab86cb1c45657a7ff173a3a00e"},
]

[package.extras]
dev = ["build", "hatch"]
doc = ["sphinx"]

[[package]]
name = "tzdata"
version = "2024.1"
description = "Provider of IANA time zone data"
optional = false
python-versions = ">=2"
files = [
    {file = "tzdata-2024.1-py2.py3-none-any.whl", hash = "sha256:9068bc196136463f5245e51efda838afa15aaeca9903f49050dfa2679db4d252"},
    {file = "tzdata-2024.1.tar.gz", hash = "sha256:2674120f8d891909751c38abcdfd386ac0a5a1127954fbc332af6b5ceae07efd"},
]

[metadata]
lock-version = "2.0"
python-versions = "^3.12"
content-hash = "3719d269e129ad47976cb227f698bc2edda433a6bbe4ec669390ee64099ba6d1"
