# This file is automatically @generated by Poetry 2.1.1 and should not be changed by hand.

[[package]]
name = "asgiref"
version = "3.8.1"
description = "ASGI specs, helper code, and adapters"
optional = false
python-versions = ">=3.8"
groups = ["main"]
files = [
    {file = "asgiref-3.8.1-py3-none-any.whl", hash = "sha256:3e1e3ecc849832fe52ccf2cb6686b7a55f82bb1d6aee72a58826471390335e47"},
    {file = "asgiref-3.8.1.tar.gz", hash = "sha256:c343bd80a0bec947a9860adb4c432ffa7db769836c64238fc34bdc3fec84d590"},
]

[package.extras]
tests = ["mypy (>=0.800)", "pytest", "pytest-asyncio"]

[[package]]
name = "django"
version = "5.2.4"
description = "A high-level Python web framework that encourages rapid development and clean, pragmatic design."
optional = false
python-versions = ">=3.10"
groups = ["main"]
files = [
    {file = "django-5.2.4-py3-none-any.whl", hash = "sha256:60c35bd96201b10c6e7a78121bd0da51084733efa303cc19ead021ab179cef5e"},
    {file = "django-5.2.4.tar.gz", hash = "sha256:a1228c384f8fa13eebc015196db7b3e08722c5058d4758d20cb287503a540d8f"},
]

[package.dependencies]
asgiref = ">=3.8.1"
sqlparse = ">=0.3.1"
tzdata = {version = "*", markers = "sys_platform == \"win32\""}

[package.extras]
argon2 = ["argon2-cffi (>=19.1.0)"]
bcrypt = ["bcrypt"]

[[package]]
name = "markdown-it-py"
version = "3.0.0"
description = "Python port of markdown-it. Markdown parsing, done right!"
optional = false
python-versions = ">=3.8"
groups = ["main"]
files = [
    {file = "markdown-it-py-3.0.0.tar.gz", hash = "sha256:e3f60a94fa066dc52ec76661e37c851cb232d92f9886b15cb560aaada2df8feb"},
    {file = "markdown_it_py-3.0.0-py3-none-any.whl", hash = "sha256:355216845c60bd96232cd8d8c40e8f9765cc86f46880e43a8fd22dc1a1a8cab1"},
]

[package.dependencies]
mdurl = ">=0.1,<1.0"

[package.extras]
benchmarking = ["psutil", "pytest", "pytest-benchmark"]
code-style = ["pre-commit (>=3.0,<4.0)"]
compare = ["commonmark (>=0.9,<1.0)", "markdown (>=3.4,<4.0)", "mistletoe (>=1.0,<2.0)", "mistune (>=2.0,<3.0)", "panflute (>=2.3,<3.0)"]
linkify = ["linkify-it-py (>=1,<3)"]
plugins = ["mdit-py-plugins"]
profiling = ["gprof2dot"]
rtd = ["jupyter_sphinx", "mdit-py-plugins", "myst-parser", "pyyaml", "sphinx", "sphinx-copybutton", "sphinx-design", "sphinx_book_theme"]
testing = ["coverage", "pytest", "pytest-cov", "pytest-regressions"]

[[package]]
name = "mdurl"
version = "0.1.2"
description = "Markdown URL utilities"
optional = false
python-versions = ">=3.7"
groups = ["main"]
files = [
    {file = "mdurl-0.1.2-py3-none-any.whl", hash = "sha256:84008a41e51615a49fc9966191ff91509e3c40b939176e643fd50a5c2196b8f8"},
    {file = "mdurl-0.1.2.tar.gz", hash = "sha256:bb413d29f5eea38f31dd4754dd7377d4465116fb207585f97bf925588687c1ba"},
]

[[package]]
name = "nh3"
version = "0.3.0"
description = "Python binding to Ammonia HTML sanitizer Rust crate"
optional = false
python-versions = ">=3.8"
groups = ["main"]
files = [
    {file = "nh3-0.3.0-cp313-cp313t-macosx_10_12_x86_64.macosx_11_0_arm64.macosx_10_12_universal2.whl", hash = "sha256:a537ece1bf513e5a88d8cff8a872e12fe8d0f42ef71dd15a5e7520fecd191bbb"},
    {file = "nh3-0.3.0-cp313-cp313t-manylinux_2_17_x86_64.manylinux2014_x86_64.whl", hash = "sha256:7c915060a2c8131bef6a29f78debc29ba40859b6dbe2362ef9e5fd44f11487c2"},
    {file = "nh3-0.3.0-cp313-cp313t-manylinux_2_5_i686.manylinux1_i686.whl", hash = "sha256:ba0caa8aa184196daa6e574d997a33867d6d10234018012d35f86d46024a2a95"},
    {file = "nh3-0.3.0-cp313-cp313t-musllinux_1_2_aarch64.whl", hash = "sha256:80fe20171c6da69c7978ecba33b638e951b85fb92059259edd285ff108b82a6d"},
    {file = "nh3-0.3.0-cp313-cp313t-musllinux_1_2_armv7l.whl", hash = "sha256:e90883f9f85288f423c77b3f5a6f4486375636f25f793165112679a7b6363b35"},
    {file = "nh3-0.3.0-cp313-cp313t-musllinux_1_2_i686.whl", hash = "sha256:0649464ac8eee018644aacbc103874ccbfac80e3035643c3acaab4287e36e7f5"},
    {file = "nh3-0.3.0-cp313-cp313t-musllinux_1_2_x86_64.whl", hash = "sha256:1adeb1062a1c2974bc75b8d1ecb014c5fd4daf2df646bbe2831f7c23659793f9"},
    {file = "nh3-0.3.0-cp313-cp313t-win32.whl", hash = "sha256:7275fdffaab10cc5801bf026e3c089d8de40a997afc9e41b981f7ac48c5aa7d5"},
    {file = "nh3-0.3.0-cp313-cp313t-win_amd64.whl", hash = "sha256:423201bbdf3164a9e09aa01e540adbb94c9962cc177d5b1cbb385f5e1e79216e"},
    {file = "nh3-0.3.0-cp313-cp313t-win_arm64.whl", hash = "sha256:16f8670201f7e8e0e05ed1a590eb84bfa51b01a69dd5caf1d3ea57733de6a52f"},
    {file = "nh3-0.3.0-cp38-abi3-macosx_10_12_x86_64.macosx_11_0_arm64.macosx_10_12_universal2.whl", hash = "sha256:ec6cfdd2e0399cb79ba4dcffb2332b94d9696c52272ff9d48a630c5dca5e325a"},
    {file = "nh3-0.3.0-cp38-abi3-manylinux_2_17_aarch64.manylinux2014_aarch64.whl", hash = "sha256:ce5e7185599f89b0e391e2f29cc12dc2e206167380cea49b33beda4891be2fe1"},
    {file = "nh3-0.3.0-cp38-abi3-manylinux_2_17_armv7l.manylinux2014_armv7l.whl", hash = "sha256:389d93d59b8214d51c400fb5b07866c2a4f79e4e14b071ad66c92184fec3a392"},
    {file = "nh3-0.3.0-cp38-abi3-manylinux_2_17_ppc64.manylinux2014_ppc64.whl", hash = "sha256:e9e6a7e4d38f7e8dda9edd1433af5170c597336c1a74b4693c5cb75ab2b30f2a"},
    {file = "nh3-0.3.0-cp38-abi3-manylinux_2_17_ppc64le.manylinux2014_ppc64le.whl", hash = "sha256:7852f038a054e0096dac12b8141191e02e93e0b4608c4b993ec7d4ffafea4e49"},
    {file = "nh3-0.3.0-cp38-abi3-manylinux_2_17_s390x.manylinux2014_s390x.whl", hash = "sha256:af5aa8127f62bbf03d68f67a956627b1bd0469703a35b3dad28d0c1195e6c7fb"},
    {file = "nh3-0.3.0-cp38-abi3-manylinux_2_17_x86_64.manylinux2014_x86_64.whl", hash = "sha256:f416c35efee3e6a6c9ab7716d9e57aa0a49981be915963a82697952cba1353e1"},
    {file = "nh3-0.3.0-cp38-abi3-manylinux_2_5_i686.manylinux1_i686.whl", hash = "sha256:37d3003d98dedca6cd762bf88f2e70b67f05100f6b949ffe540e189cc06887f9"},
    {file = "nh3-0.3.0-cp38-abi3-musllinux_1_2_aarch64.whl", hash = "sha256:634e34e6162e0408e14fb61d5e69dbaea32f59e847cfcfa41b66100a6b796f62"},
    {file = "nh3-0.3.0-cp38-abi3-musllinux_1_2_armv7l.whl", hash = "sha256:b0612ccf5de8a480cf08f047b08f9d3fecc12e63d2ee91769cb19d7290614c23"},
    {file = "nh3-0.3.0-cp38-abi3-musllinux_1_2_i686.whl", hash = "sha256:c7a32a7f0d89f7d30cb8f4a84bdbd56d1eb88b78a2434534f62c71dac538c450"},
    {file = "nh3-0.3.0-cp38-abi3-musllinux_1_2_x86_64.whl", hash = "sha256:3f1b4f8a264a0c86ea01da0d0c390fe295ea0bcacc52c2103aca286f6884f518"},
    {file = "nh3-0.3.0-cp38-abi3-win32.whl", hash = "sha256:6d68fa277b4a3cf04e5c4b84dd0c6149ff7d56c12b3e3fab304c525b850f613d"},
    {file = "nh3-0.3.0-cp38-abi3-win_amd64.whl", hash = "sha256:bae63772408fd63ad836ec569a7c8f444dd32863d0c67f6e0b25ebbd606afa95"},
    {file = "nh3-0.3.0-cp38-abi3-win_arm64.whl", hash = "sha256:d97d3efd61404af7e5721a0e74d81cdbfc6e5f97e11e731bb6d090e30a7b62b2"},
    {file = "nh3-0.3.0.tar.gz", hash = "sha256:d8ba24cb31525492ea71b6aac11a4adac91d828aadeff7c4586541bf5dc34d2f"},
]

[[package]]
name = "ruff"
version = "0.12.6"
description = "An extremely fast Python linter and code formatter, written in Rust."
optional = false
python-versions = ">=3.7"
groups = ["dev"]
files = [
    {file = "ruff-0.12.6-py3-none-linux_armv6l.whl", hash = "sha256:59b48d8581989e0527b64c3297e672357c03b78d58cf1b228037a49915316277"},
    {file = "ruff-0.12.6-py3-none-macosx_10_12_x86_64.whl", hash = "sha256:412518260394e8a6647a0c610062cac48ff230d39b9df57faae93aa77123e90c"},
    {file = "ruff-0.12.6-py3-none-macosx_11_0_arm64.whl", hash = "sha256:b56a3f51a27d0db8141d5b4b095c2849b24f639539a05d201f72f8d83f829a78"},
    {file = "ruff-0.12.6-py3-none-manylinux_2_17_aarch64.manylinux2014_aarch64.whl", hash = "sha256:1ef9e292957bd6a868ce4e5f57931d0583814a363add2adedae3a1c9854b7ad9"},
    {file = "ruff-0.12.6-py3-none-manylinux_2_17_armv7l.manylinux2014_armv7l.whl", hash = "sha256:0c3fd9955d3009c33e60bb596ea7bc66832de34d621883061114bb3b6114d358"},
    {file = "ruff-0.12.6-py3-none-manylinux_2_17_i686.manylinux2014_i686.whl", hash = "sha256:4e7456efef8dd6957843de60a245152e34a842210d8b13381d5f3e7540d17935"},
    {file = "ruff-0.12.6-py3-none-manylinux_2_17_ppc64.manylinux2014_ppc64.whl", hash = "sha256:c99e62bae20c7e1a8d4de84f96754e9732d0831614ed165415ed2c4f4aa83864"},
    {file = "ruff-0.12.6-py3-none-manylinux_2_17_ppc64le.manylinux2014_ppc64le.whl", hash = "sha256:d47ff2b300da87df8437e1b35291349faaceb666d8349edef733b6562d29264f"},
    {file = "ruff-0.12.6-py3-none-manylinux_2_17_s390x.manylinux2014_s390x.whl", hash = "sha256:8883ab5e9506574a6a2abacb5da34d416fdd8434151b35421ba3f79ca9a14a11"},
    {file = "ruff-0.12.6-py3-none-manylinux_2_17_x86_64.manylinux2014_x86_64.whl", hash = "sha256:b3cfbd192c312669fb22cd4bf8c700e8b4b1dced7ce034e581459c0e375486fa"},
    {file = "ruff-0.12.6-py3-none-musllinux_1_2_aarch64.whl", hash = "sha256:c1d87f2b1abf330281b3972d6bf34d366ee84b3077df66a89169e2d81b291891"},
    {file = "ruff-0.12.6-py3-none-musllinux_1_2_armv7l.whl", hash = "sha256:3f32aaa9b5ed69de80693abeecf9961cd97851cadf7850081461261d0e6551b6"},
    {file = "ruff-0.12.6-py3-none-musllinux_1_2_i686.whl", hash = "sha256:de5185f19289a800c16d6ec8a9ba0b8b911b4640a4927b487f48fb51634ce315"},
    {file = "ruff-0.12.6-py3-none-musllinux_1_2_x86_64.whl", hash = "sha256:80f9d56205f6f6c4a1039c79d9acc0a9c104915f4fc0fc0385170decc72f6e4c"},
    {file = "ruff-0.12.6-py3-none-win32.whl", hash = "sha256:b553271d6ed5611fcbe5f6752852eef695f2a77c0405b3a16fd507e5a057f5b0"},
    {file = "ruff-0.12.6-py3-none-win_amd64.whl", hash = "sha256:48b73d4acef6768bfe9912e8f623ec87677bcfb6dc748ac406ebff06a84a6d70"},
    {file = "ruff-0.12.6-py3-none-win_arm64.whl", hash = "sha256:cd2c9c898a11f1441778d1cf9e358244cf5f4f2f11e93ff03c1a6c6759f4b15d"},
]

[[package]]
name = "sqlparse"
version = "0.5.1"
description = "A non-validating SQL parser."
optional = false
python-versions = ">=3.8"
groups = ["main"]
files = [
    {file = "sqlparse-0.5.1-py3-none-any.whl", hash = "sha256:773dcbf9a5ab44a090f3441e2180efe2560220203dc2f8c0b0fa141e18b505e4"},
    {file = "sqlparse-0.5.1.tar.gz", hash = "sha256:bb6b4df465655ef332548e24f08e205afc81b9ab86cb1c45657a7ff173a3a00e"},
]

[package.extras]
dev = ["build", "hatch"]
doc = ["sphinx"]

[[package]]
name = "tzdata"
version = "2024.1"
description = "Provider of IANA time zone data"
optional = false
python-versions = ">=2"
groups = ["main"]
markers = "sys_platform == \"win32\""
files = [
    {file = "tzdata-2024.1-py2.py3-none-any.whl", hash = "sha256:9068bc196136463f5245e51efda838afa15aaeca9903f49050dfa2679db4d252"},
    {file = "tzdata-2024.1.tar.gz", hash = "sha256:2674120f8d891909751c38abcdfd386ac0a5a1127954fbc332af6b5ceae07efd"},
]

[metadata]
lock-version = "2.1"
python-versions = "^3.12"
content-hash = "867f1156dfbee05914b5b8175bf401a914d34c380ac3e1a454a2ee0979cb48b9"
